
Microsoft Visual Studio Solution File, Format Version 11.00
# Visual Studio 2010
Project("{FAE04EC0-301F-11D3-BF4B-00C04F79EFBC}") = "VuforiaScripts", "VuforiaScripts.csproj", "{08588F09-9BB6-CE9A-19C4-97F150EC9F1E}"
EndProject
Project("{FAE04EC0-301F-11D3-BF4B-00C04F79EFBC}") = "Assembly-CSharp", "Assembly-CSharp.csproj", "{1820F828-AA50-64A1-8F99-6E9755994DC3}"
EndProject
Project("{FAE04EC0-301F-11D3-BF4B-00C04F79EFBC}") = "VuforiaEditorScripts", "VuforiaEditorScripts.csproj", "{29320F77-A77A-8A1C-E21C-30E701B5DDB1}"
EndProject
Global
	GlobalSection(SolutionConfigurationPlatforms) = preSolution
		Debug|Any CPU = Debug|Any CPU
		Release|Any CPU = Release|Any CPU
	EndGlobalSection
	GlobalSection(ProjectConfigurationPlatforms) = postSolution
		{08588F09-9BB6-CE9A-19C4-97F150EC9F1E}.Debug|Any CPU.ActiveCfg = Debug|Any CPU
		{08588F09-9BB6-CE9A-19C4-97F150EC9F1E}.Debug|Any CPU.Build.0 = Debug|Any CPU
		{08588F09-9BB6-CE9A-19C4-97F150EC9F1E}.Release|Any CPU.ActiveCfg = Release|Any CPU
		{08588F09-9BB6-CE9A-19C4-97F150EC9F1E}.Release|Any CPU.Build.0 = Release|Any CPU
		{1820F828-AA50-64A1-8F99-6E9755994DC3}.Debug|Any CPU.ActiveCfg = Debug|Any CPU
		{1820F828-AA50-64A1-8F99-6E9755994DC3}.Debug|Any CPU.Build.0 = Debug|Any CPU
		{1820F828-AA50-64A1-8F99-6E9755994DC3}.Release|Any CPU.ActiveCfg = Release|Any CPU
		{1820F828-AA50-64A1-8F99-6E9755994DC3}.Release|Any CPU.Build.0 = Release|Any CPU
		{29320F77-A77A-8A1C-E21C-30E701B5DDB1}.Debug|Any CPU.ActiveCfg = Debug|Any CPU
		{29320F77-A77A-8A1C-E21C-30E701B5DDB1}.Debug|Any CPU.Build.0 = Debug|Any CPU
		{29320F77-A77A-8A1C-E21C-30E701B5DDB1}.Release|Any CPU.ActiveCfg = Release|Any CPU
		{29320F77-A77A-8A1C-E21C-30E701B5DDB1}.Release|Any CPU.Build.0 = Release|Any CPU
	EndGlobalSection
	GlobalSection(SolutionProperties) = preSolution
		HideSolutionNode = FALSE
	EndGlobalSection
	GlobalSection(MonoDevelopProperties) = preSolution
		StartupItem = Assembly-CSharp.csproj
	EndGlobalSection
EndGlobal
